Microsoft Visual Studio Solution File, Format Version 12.00
# Visual Studio Version 16
VisualStudioVersion = 16.0.31005.135
MinimumVisualStudioVersion = 10.0.40219.1
Project("{FAE04EC0-301F-11D3-BF4B-00C04F79EFBC}") = "Eisbison_NightVisionCamera", "Eisbison_NightVisionCamera.csproj", "{80BD6D7A-A992-4570-BB28-712055554939}"
EndProject
Global
	GlobalSection(SolutionConfigurationPlatforms) = preSolution
		Debug|Any CPU = Debug|Any CPU
		Release|Any CPU = Release|Any CPU
	EndGlobalSection
	GlobalSection(ProjectConfigurationPlatforms) = postSolution
		{80BD6D7A-A992-4570-BB28-712055554939}.Debug|Any CPU.ActiveCfg = Debug|Any CPU
		{80BD6D7A-A992-4570-BB28-712055554939}.Debug|Any CPU.Build.0 = Debug|Any CPU
		{80BD6D7A-A992-4570-BB28-712055554939}.Release|Any CPU.ActiveCfg = Release|Any CPU
		{80BD6D7A-A992-4570-BB28-712055554939}.Release|Any CPU.Build.0 = Release|Any CPU
	EndGlobalSection
	GlobalSection(SolutionProperties) = preSolution
		HideSolutionNode = FALSE
	EndGlobalSection
	GlobalSection(ExtensibilityGlobals) = postSolution
		SolutionGuid = {8AD0AD7D-3257-4813-9AF3-13B5C1033B08}
	EndGlobalSection
EndGlobal
